
Microsoft Visual Studio Solution File, Format Version 12.00
# Visual Studio 14
VisualStudioVersion = 14.0.25420.1
MinimumVisualStudioVersion = 10.0.40219.1
Project("{FAE04EC0-301F-11D3-BF4B-00C04F79EFBC}") = "DotNetKit.Wpf.AutoCompleteComboBox", "DotNetKit.Wpf.AutoCompleteComboBox\DotNetKit.Wpf.AutoCompleteComboBox.csproj", "{2BE72EA3-16D7-44A8-8FFD-ECC16265D937}"
EndProject
Project("{FAE04EC0-301F-11D3-BF4B-00C04F79EFBC}") = "DotNetKit.Wpf.AutoCompleteComboBox.Demo", "DotNetKit.Wpf.AutoCompleteComboBox.Demo\DotNetKit.Wpf.AutoCompleteComboBox.Demo.csproj", "{59AAF64E-B913-4B54-A1F6-DA2A87432F78}"
EndProject
Global
	GlobalSection(SolutionConfigurationPlatforms) = preSolution
		Debug|Any CPU = Debug|Any CPU
		Release|Any CPU = Release|Any CPU
	EndGlobalSection
	GlobalSection(ProjectConfigurationPlatforms) = postSolution
		{2BE72EA3-16D7-44A8-8FFD-ECC16265D937}.Debug|Any CPU.ActiveCfg = Debug|Any CPU
		{2BE72EA3-16D7-44A8-8FFD-ECC16265D937}.Debug|Any CPU.Build.0 = Debug|Any CPU
		{2BE72EA3-16D7-44A8-8FFD-ECC16265D937}.Release|Any CPU.ActiveCfg = Release|Any CPU
		{2BE72EA3-16D7-44A8-8FFD-ECC16265D937}.Release|Any CPU.Build.0 = Release|Any CPU
		{59AAF64E-B913-4B54-A1F6-DA2A87432F78}.Debug|Any CPU.ActiveCfg = Debug|Any CPU
		{59AAF64E-B913-4B54-A1F6-DA2A87432F78}.Debug|Any CPU.Build.0 = Debug|Any CPU
		{59AAF64E-B913-4B54-A1F6-DA2A87432F78}.Release|Any CPU.ActiveCfg = Release|Any CPU
		{59AAF64E-B913-4B54-A1F6-DA2A87432F78}.Release|Any CPU.Build.0 = Release|Any CPU
	EndGlobalSection
	GlobalSection(SolutionProperties) = preSolution
		HideSolutionNode = FALSE
	EndGlobalSection
EndGlobal
